// !$*UTF8*$!
{
	archiveVersion = 1;
	classes = {
	};
	objectVersion = 56;
	objects = {

/* Begin PBXBuildFile section */
		308BD5032A4C06330038C21D /* ShopApp.swift in Sources */ = {isa = PBXBuildFile; fileRef = 308BD5022A4C06330038C21D /* ShopApp.swift */; };
		308BD5052A4C06330038C21D /* ContentView.swift in Sources */ = {isa = PBXBuildFile; fileRef = 308BD5042A4C06330038C21D /* ContentView.swift */; };
		308BD5072A4C06380038C21D /* Assets.xcassets in Resources */ = {isa = PBXBuildFile; fileRef = 308BD5062A4C06380038C21D /* Assets.xcassets */; };
		308BD50A2A4C06380038C21D /* Preview Assets.xcassets in Resources */ = {isa = PBXBuildFile; fileRef = 308BD5092A4C06380038C21D /* Preview Assets.xcassets */; };
		308BD50C2A4C06380038C21D /* Persistence.swift in Sources */ = {isa = PBXBuildFile; fileRef = 308BD50B2A4C06380038C21D /* Persistence.swift */; };
		308BD50F2A4C06380038C21D /* Shop.xcdatamodeld in Sources */ = {isa = PBXBuildFile; fileRef = 308BD50D2A4C06380038C21D /* Shop.xcdatamodeld */; };
		308BD51A2A4C4A830038C21D /* SecuredTextField.swift in Sources */ = {isa = PBXBuildFile; fileRef = 308BD5192A4C4A830038C21D /* SecuredTextField.swift */; };
		308BD51C2A4C76B20038C21D /* Styles.swift in Sources */ = {isa = PBXBuildFile; fileRef = 308BD51B2A4C76B20038C21D /* Styles.swift */; };
		3091F5902A515741003BE18A /* ProductsViewModel.swift in Sources */ = {isa = PBXBuildFile; fileRef = 3091F58F2A515741003BE18A /* ProductsViewModel.swift */; };
		3091F5922A5157A3003BE18A /* ProductsModel.swift in Sources */ = {isa = PBXBuildFile; fileRef = 3091F5912A5157A3003BE18A /* ProductsModel.swift */; };
		3091F5942A516028003BE18A /* CategoryView.swift in Sources */ = {isa = PBXBuildFile; fileRef = 3091F5932A516028003BE18A /* CategoryView.swift */; };
		3091F5982A518D6D003BE18A /* ProductsView.swift in Sources */ = {isa = PBXBuildFile; fileRef = 3091F5972A518D6D003BE18A /* ProductsView.swift */; };
		3091F59A2A519E5F003BE18A /* ImagePlaceholder.swift in Sources */ = {isa = PBXBuildFile; fileRef = 3091F5992A519E5F003BE18A /* ImagePlaceholder.swift */; };
		3091F59C2A51A1DC003BE18A /* ProductView.swift in Sources */ = {isa = PBXBuildFile; fileRef = 3091F59B2A51A1DC003BE18A /* ProductView.swift */; };
		3091F59E2A51A2BF003BE18A /* ProductCardView.swift in Sources */ = {isa = PBXBuildFile; fileRef = 3091F59D2A51A2BF003BE18A /* ProductCardView.swift */; };
		3091F5B02A531D0B003BE18A /* NetworkManager.swift in Sources */ = {isa = PBXBuildFile; fileRef = 3091F5AF2A531D0B003BE18A /* NetworkManager.swift */; };
		3091F5B22A5340E4003BE18A /* LoginRequest.swift in Sources */ = {isa = PBXBuildFile; fileRef = 3091F5B12A5340E4003BE18A /* LoginRequest.swift */; };
		3091F5B42A534194003BE18A /* CategoryRequest.swift in Sources */ = {isa = PBXBuildFile; fileRef = 3091F5B32A534194003BE18A /* CategoryRequest.swift */; };
		3091F5B62A5341AB003BE18A /* ProductsRequest.swift in Sources */ = {isa = PBXBuildFile; fileRef = 3091F5B52A5341AB003BE18A /* ProductsRequest.swift */; };
		3091F5B82A5341CD003BE18A /* FavoritesRequest.swift in Sources */ = {isa = PBXBuildFile; fileRef = 3091F5B72A5341CD003BE18A /* FavoritesRequest.swift */; };
		3091F5BA2A534FED003BE18A /* CartRequest.swift in Sources */ = {isa = PBXBuildFile; fileRef = 3091F5B92A534FED003BE18A /* CartRequest.swift */; };
		3091F5BC2A5364B0003BE18A /* CategoryViewModel.swift in Sources */ = {isa = PBXBuildFile; fileRef = 3091F5BB2A5364B0003BE18A /* CategoryViewModel.swift */; };
		3091F5BE2A5364C3003BE18A /* CategoryModel.swift in Sources */ = {isa = PBXBuildFile; fileRef = 3091F5BD2A5364C3003BE18A /* CategoryModel.swift */; };
		30EAEAD02A4D7C950022B986 /* LoadButton.swift in Sources */ = {isa = PBXBuildFile; fileRef = 30EAEACF2A4D7C950022B986 /* LoadButton.swift */; };
		30EAEAD42A4D8DE50022B986 /* LoginView.swift in Sources */ = {isa = PBXBuildFile; fileRef = 30EAEAD32A4D8DE50022B986 /* LoginView.swift */; };
		30EAEAD62A4D919B0022B986 /* LoginModel.swift in Sources */ = {isa = PBXBuildFile; fileRef = 30EAEAD52A4D919B0022B986 /* LoginModel.swift */; };
		30EAEADA2A4D9EA50022B986 /* DataUtils.swift in Sources */ = {isa = PBXBuildFile; fileRef = 30EAEAD92A4D9EA50022B986 /* DataUtils.swift */; };
		30EAEAE02A4DA15F0022B986 /* LoginViewModel.swift in Sources */ = {isa = PBXBuildFile; fileRef = 30EAEADF2A4DA15F0022B986 /* LoginViewModel.swift */; };
/* End PBXBuildFile section */

/* Begin PBXFileReference section */
		308BD4FF2A4C06330038C21D /* Shop.app */ = {isa = PBXFileReference; explicitFileType = wrapper.application; includeInIndex = 0; path = Shop.app; sourceTree = BUILT_PRODUCTS_DIR; };
		308BD5022A4C06330038C21D /* ShopApp.swift */ = {isa = PBXFileReference; lastKnownFileType = sourcecode.swift; path = ShopApp.swift; sourceTree = "<group>"; };
		308BD5042A4C06330038C21D /* ContentView.swift */ = {isa = PBXFileReference; lastKnownFileType = sourcecode.swift; path = ContentView.swift; sourceTree = "<group>"; };
		308BD5062A4C06380038C21D /* Assets.xcassets */ = {isa = PBXFileReference; lastKnownFileType = folder.assetcatalog; path = Assets.xcassets; sourceTree = "<group>"; };
		308BD5092A4C06380038C21D /* Preview Assets.xcassets */ = {isa = PBXFileReference; lastKnownFileType = folder.assetcatalog; path = "Preview Assets.xcassets"; sourceTree = "<group>"; };
		308BD50B2A4C06380038C21D /* Persistence.swift */ = {isa = PBXFileReference; lastKnownFileType = sourcecode.swift; path = Persistence.swift; sourceTree = "<group>"; };
		308BD50E2A4C06380038C21D /* Shop.xcdatamodel */ = {isa = PBXFileReference; lastKnownFileType = wrapper.xcdatamodel; path = Shop.xcdatamodel; sourceTree = "<group>"; };
		308BD5192A4C4A830038C21D /* SecuredTextField.swift */ = {isa = PBXFileReference; lastKnownFileType = sourcecode.swift; path = SecuredTextField.swift; sourceTree = "<group>"; };
		308BD51B2A4C76B20038C21D /* Styles.swift */ = {isa = PBXFileReference; lastKnownFileType = sourcecode.swift; path = Styles.swift; sourceTree = "<group>"; };
		3091F58F2A515741003BE18A /* ProductsViewModel.swift */ = {isa = PBXFileReference; lastKnownFileType = sourcecode.swift; path = ProductsViewModel.swift; sourceTree = "<group>"; };
		3091F5912A5157A3003BE18A /* ProductsModel.swift */ = {isa = PBXFileReference; lastKnownFileType = sourcecode.swift; path = ProductsModel.swift; sourceTree = "<group>"; };
		3091F5932A516028003BE18A /* CategoryView.swift */ = {isa = PBXFileReference; lastKnownFileType = sourcecode.swift; path = CategoryView.swift; sourceTree = "<group>"; };
		3091F5972A518D6D003BE18A /* ProductsView.swift */ = {isa = PBXFileReference; lastKnownFileType = sourcecode.swift; path = ProductsView.swift; sourceTree = "<group>"; };
		3091F5992A519E5F003BE18A /* ImagePlaceholder.swift */ = {isa = PBXFileReference; lastKnownFileType = sourcecode.swift; path = ImagePlaceholder.swift; sourceTree = "<group>"; };
		3091F59B2A51A1DC003BE18A /* ProductView.swift */ = {isa = PBXFileReference; lastKnownFileType = sourcecode.swift; path = ProductView.swift; sourceTree = "<group>"; };
		3091F59D2A51A2BF003BE18A /* ProductCardView.swift */ = {isa = PBXFileReference; lastKnownFileType = sourcecode.swift; path = ProductCardView.swift; sourceTree = "<group>"; };
		3091F5AF2A531D0B003BE18A /* NetworkManager.swift */ = {isa = PBXFileReference; lastKnownFileType = sourcecode.swift; path = NetworkManager.swift; sourceTree = "<group>"; };
		3091F5B12A5340E4003BE18A /* LoginRequest.swift */ = {isa = PBXFileReference; lastKnownFileType = sourcecode.swift; name = LoginRequest.swift; path = "../../../../../../Library/Mobile Documents/com~apple~CloudDocs/.Trash/Shop/Api/LoginRequest.swift"; sourceTree = "<group>"; };
		3091F5B32A534194003BE18A /* CategoryRequest.swift */ = {isa = PBXFileReference; lastKnownFileType = sourcecode.swift; path = CategoryRequest.swift; sourceTree = "<group>"; };
		3091F5B52A5341AB003BE18A /* ProductsRequest.swift */ = {isa = PBXFileReference; lastKnownFileType = sourcecode.swift; path = ProductsRequest.swift; sourceTree = "<group>"; };
		3091F5B72A5341CD003BE18A /* FavoritesRequest.swift */ = {isa = PBXFileReference; lastKnownFileType = sourcecode.swift; path = FavoritesRequest.swift; sourceTree = "<group>"; };
		3091F5B92A534FED003BE18A /* CartRequest.swift */ = {isa = PBXFileReference; lastKnownFileType = sourcecode.swift; path = CartRequest.swift; sourceTree = "<group>"; };
		3091F5BB2A5364B0003BE18A /* CategoryViewModel.swift */ = {isa = PBXFileReference; lastKnownFileType = sourcecode.swift; path = CategoryViewModel.swift; sourceTree = "<group>"; };
		3091F5BD2A5364C3003BE18A /* CategoryModel.swift */ = {isa = PBXFileReference; lastKnownFileType = sourcecode.swift; path = CategoryModel.swift; sourceTree = "<group>"; };
		30EAEACF2A4D7C950022B986 /* LoadButton.swift */ = {isa = PBXFileReference; lastKnownFileType = sourcecode.swift; path = LoadButton.swift; sourceTree = "<group>"; };
		30EAEAD32A4D8DE50022B986 /* LoginView.swift */ = {isa = PBXFileReference; lastKnownFileType = sourcecode.swift; path = LoginView.swift; sourceTree = "<group>"; };
		30EAEAD52A4D919B0022B986 /* LoginModel.swift */ = {isa = PBXFileReference; lastKnownFileType = sourcecode.swift; path = LoginModel.swift; sourceTree = "<group>"; };
		30EAEAD92A4D9EA50022B986 /* DataUtils.swift */ = {isa = PBXFileReference; lastKnownFileType = sourcecode.swift; path = DataUtils.swift; sourceTree = "<group>"; };
		30EAEADF2A4DA15F0022B986 /* LoginViewModel.swift */ = {isa = PBXFileReference; lastKnownFileType = sourcecode.swift; path = LoginViewModel.swift; sourceTree = "<group>"; };
/* End PBXFileReference section */

/* Begin PBXFrameworksBuildPhase section */
		308BD4FC2A4C06330038C21D /* Frameworks */ = {
			isa = PBXFrameworksBuildPhase;
			buildActionMask = 2147483647;
			files = (
			);
			runOnlyForDeploymentPostprocessing = 0;
		};
/* End PBXFrameworksBuildPhase section */

/* Begin PBXGroup section */
		308BD4F62A4C06330038C21D = {
			isa = PBXGroup;
			children = (
				308BD5012A4C06330038C21D /* Shop */,
				308BD5002A4C06330038C21D /* Products */,
			);
			sourceTree = "<group>";
		};
		308BD5002A4C06330038C21D /* Products */ = {
			isa = PBXGroup;
			children = (
				308BD4FF2A4C06330038C21D /* Shop.app */,
			);
			name = Products;
			sourceTree = "<group>";
		};
		308BD5012A4C06330038C21D /* Shop */ = {
			isa = PBXGroup;
			children = (
				3091F5AA2A531C4B003BE18A /* Scenes */,
				308BD5182A4C3B8D0038C21D /* Api */,
				308BD5172A4C3B800038C21D /* ViewModel */,
				308BD5162A4C3B710038C21D /* View */,
				308BD5152A4C3B540038C21D /* Model */,
				308BD5022A4C06330038C21D /* ShopApp.swift */,
				308BD5062A4C06380038C21D /* Assets.xcassets */,
				308BD50B2A4C06380038C21D /* Persistence.swift */,
				308BD50D2A4C06380038C21D /* Shop.xcdatamodeld */,
				308BD5082A4C06380038C21D /* Preview Content */,
			);
			path = Shop;
			sourceTree = "<group>";
		};
		308BD5082A4C06380038C21D /* Preview Content */ = {
			isa = PBXGroup;
			children = (
				308BD5092A4C06380038C21D /* Preview Assets.xcassets */,
			);
			path = "Preview Content";
			sourceTree = "<group>";
		};
		308BD5152A4C3B540038C21D /* Model */ = {
			isa = PBXGroup;
			children = (
				3091F5912A5157A3003BE18A /* ProductsModel.swift */,
			);
			path = Model;
			sourceTree = "<group>";
		};
		308BD5162A4C3B710038C21D /* View */ = {
			isa = PBXGroup;
			children = (
				308BD5042A4C06330038C21D /* ContentView.swift */,
				3091F5972A518D6D003BE18A /* ProductsView.swift */,
				3091F59B2A51A1DC003BE18A /* ProductView.swift */,
				3091F59D2A51A2BF003BE18A /* ProductCardView.swift */,
				308BD5192A4C4A830038C21D /* SecuredTextField.swift */,
				30EAEACF2A4D7C950022B986 /* LoadButton.swift */,
				3091F5992A519E5F003BE18A /* ImagePlaceholder.swift */,
				308BD51B2A4C76B20038C21D /* Styles.swift */,
			);
			path = View;
			sourceTree = "<group>";
		};
		308BD5172A4C3B800038C21D /* ViewModel */ = {
			isa = PBXGroup;
			children = (
				3091F58F2A515741003BE18A /* ProductsViewModel.swift */,
			);
			path = ViewModel;
			sourceTree = "<group>";
		};
		308BD5182A4C3B8D0038C21D /* Api */ = {
			isa = PBXGroup;
			children = (
				30EAEAD92A4D9EA50022B986 /* DataUtils.swift */,
				3091F5AF2A531D0B003BE18A /* NetworkManager.swift */,
				3091F5B12A5340E4003BE18A /* LoginRequest.swift */,
				3091F5B32A534194003BE18A /* CategoryRequest.swift */,
				3091F5B52A5341AB003BE18A /* ProductsRequest.swift */,
				3091F5B72A5341CD003BE18A /* FavoritesRequest.swift */,
				3091F5B92A534FED003BE18A /* CartRequest.swift */,
			);
			path = Api;
			sourceTree = "<group>";
		};
		3091F5AA2A531C4B003BE18A /* Scenes */ = {
			isa = PBXGroup;
			children = (
				3091F5AB2A531C61003BE18A /* Login */,
				3091F5AC2A531C6E003BE18A /* Categories */,
				3091F5AD2A531C8B003BE18A /* Products */,
				3091F5AE2A531CB3003BE18A /* Favorites */,
			);
			path = Scenes;
			sourceTree = "<group>";
		};
		3091F5AB2A531C61003BE18A /* Login */ = {
			isa = PBXGroup;
			children = (
				30EAEAD52A4D919B0022B986 /* LoginModel.swift */,
				30EAEADF2A4DA15F0022B986 /* LoginViewModel.swift */,
				30EAEAD32A4D8DE50022B986 /* LoginView.swift */,
			);
			path = Login;
			sourceTree = "<group>";
		};
		3091F5AC2A531C6E003BE18A /* Categories */ = {
			isa = PBXGroup;
			children = (
				3091F5BD2A5364C3003BE18A /* CategoryModel.swift */,
				3091F5BB2A5364B0003BE18A /* CategoryViewModel.swift */,
				3091F5932A516028003BE18A /* CategoryView.swift */,
			);
			path = Categories;
			sourceTree = "<group>";
		};
		3091F5AD2A531C8B003BE18A /* Products */ = {
			isa = PBXGroup;
			children = (
			);
			path = Products;
			sourceTree = "<group>";
		};
		3091F5AE2A531CB3003BE18A /* Favorites */ = {
			isa = PBXGroup;
			children = (
			);
			path = Favorites;
			sourceTree = "<group>";
		};
/* End PBXGroup section */

/* Begin PBXNativeTarget section */
		308BD4FE2A4C06330038C21D /* Shop */ = {
			isa = PBXNativeTarget;
			buildConfigurationList = 308BD5122A4C06380038C21D /* Build configuration list for PBXNativeTarget "Shop" */;
			buildPhases = (
				308BD4FB2A4C06330038C21D /* Sources */,
				308BD4FC2A4C06330038C21D /* Frameworks */,
				308BD4FD2A4C06330038C21D /* Resources */,
			);
			buildRules = (
			);
			dependencies = (
			);
			name = Shop;
			productName = Shop;
			productReference = 308BD4FF2A4C06330038C21D /* Shop.app */;
			productType = "com.apple.product-type.application";
		};
/* End PBXNativeTarget section */

/* Begin PBXProject section */
		308BD4F72A4C06330038C21D /* Project object */ = {
			isa = PBXProject;
			attributes = {
				BuildIndependentTargetsInParallel = 1;
				LastSwiftUpdateCheck = 1430;
				LastUpgradeCheck = 1430;
				TargetAttributes = {
					308BD4FE2A4C06330038C21D = {
						CreatedOnToolsVersion = 14.3.1;
					};
				};
			};
			buildConfigurationList = 308BD4FA2A4C06330038C21D /* Build configuration list for PBXProject "Shop" */;
			compatibilityVersion = "Xcode 14.0";
			developmentRegion = en;
			hasScannedForEncodings = 0;
			knownRegions = (
				en,
				Base,
			);
			mainGroup = 308BD4F62A4C06330038C21D;
			productRefGroup = 308BD5002A4C06330038C21D /* Products */;
			projectDirPath = "";
			projectRoot = "";
			targets = (
				308BD4FE2A4C06330038C21D /* Shop */,
			);
		};
/* End PBXProject section */

/* Begin PBXResourcesBuildPhase section */
		308BD4FD2A4C06330038C21D /* Resources */ = {
			isa = PBXResourcesBuildPhase;
			buildActionMask = 2147483647;
			files = (
				308BD50A2A4C06380038C21D /* Preview Assets.xcassets in Resources */,
				308BD5072A4C06380038C21D /* Assets.xcassets in Resources */,
			);
			runOnlyForDeploymentPostprocessing = 0;
		};
/* End PBXResourcesBuildPhase section */

/* Begin PBXSourcesBuildPhase section */
		308BD4FB2A4C06330038C21D /* Sources */ = {
			isa = PBXSourcesBuildPhase;
			buildActionMask = 2147483647;
			files = (
				3091F5B02A531D0B003BE18A /* NetworkManager.swift in Sources */,
				3091F5942A516028003BE18A /* CategoryView.swift in Sources */,
				3091F5B82A5341CD003BE18A /* FavoritesRequest.swift in Sources */,
				308BD50C2A4C06380038C21D /* Persistence.swift in Sources */,
				3091F5B22A5340E4003BE18A /* LoginRequest.swift in Sources */,
				308BD5052A4C06330038C21D /* ContentView.swift in Sources */,
				30EAEAD02A4D7C950022B986 /* LoadButton.swift in Sources */,
				3091F59C2A51A1DC003BE18A /* ProductView.swift in Sources */,
				308BD5032A4C06330038C21D /* ShopApp.swift in Sources */,
				3091F59E2A51A2BF003BE18A /* ProductCardView.swift in Sources */,
				308BD51C2A4C76B20038C21D /* Styles.swift in Sources */,
				30EAEADA2A4D9EA50022B986 /* DataUtils.swift in Sources */,
				3091F59A2A519E5F003BE18A /* ImagePlaceholder.swift in Sources */,
				3091F5BE2A5364C3003BE18A /* CategoryModel.swift in Sources */,
				3091F5B42A534194003BE18A /* CategoryRequest.swift in Sources */,
				3091F5902A515741003BE18A /* ProductsViewModel.swift in Sources */,
				3091F5BA2A534FED003BE18A /* CartRequest.swift in Sources */,
				30EAEAD62A4D919B0022B986 /* LoginModel.swift in Sources */,
				3091F5BC2A5364B0003BE18A /* CategoryViewModel.swift in Sources */,
				3091F5B62A5341AB003BE18A /* ProductsRequest.swift in Sources */,
				30EAEAE02A4DA15F0022B986 /* LoginViewModel.swift in Sources */,
				308BD50F2A4C06380038C21D /* Shop.xcdatamodeld in Sources */,
				308BD51A2A4C4A830038C21D /* SecuredTextField.swift in Sources */,
				3091F5922A5157A3003BE18A /* ProductsModel.swift in Sources */,
				30EAEAD42A4D8DE50022B986 /* LoginView.swift in Sources */,
				3091F5982A518D6D003BE18A /* ProductsView.swift in Sources */,
			);
			runOnlyForDeploymentPostprocessing = 0;
		};
/* End PBXSourcesBuildPhase section */

/* Begin XCBuildConfiguration section */
		308BD5102A4C06380038C21D /* Debug */ = {
			isa = XCBuildConfiguration;
			buildSettings = {
				ALWAYS_SEARCH_USER_PATHS = NO;
				CLANG_ANALYZER_NONNULL = YES;
				CLANG_ANALYZER_NUMBER_OBJECT_CONVERSION = YES_AGGRESSIVE;
				CLANG_CXX_LANGUAGE_STANDARD = "gnu++20";
				CLANG_ENABLE_MODULES = YES;
				CLANG_ENABLE_OBJC_ARC = YES;
				CLANG_ENABLE_OBJC_WEAK = YES;
				CLANG_WARN_BLOCK_CAPTURE_AUTORELEASING = YES;
				CLANG_WARN_BOOL_CONVERSION = YES;
				CLANG_WARN_COMMA = YES;
				CLANG_WARN_CONSTANT_CONVERSION = YES;
				CLANG_WARN_DEPRECATED_OBJC_IMPLEMENTATIONS = YES;
				CLANG_WARN_DIRECT_OBJC_ISA_USAGE = YES_ERROR;
				CLANG_WARN_DOCUMENTATION_COMMENTS = YES;
				CLANG_WARN_EMPTY_BODY = YES;
				CLANG_WARN_ENUM_CONVERSION = YES;
				CLANG_WARN_INFINITE_RECURSION = YES;
				CLANG_WARN_INT_CONVERSION = YES;
				CLANG_WARN_NON_LITERAL_NULL_CONVERSION = YES;
				CLANG_WARN_OBJC_IMPLICIT_RETAIN_SELF = YES;
				CLANG_WARN_OBJC_LITERAL_CONVERSION = YES;
				CLANG_WARN_OBJC_ROOT_CLASS = YES_ERROR;
				CLANG_WARN_QUOTED_INCLUDE_IN_FRAMEWORK_HEADER = YES;
				CLANG_WARN_RANGE_LOOP_ANALYSIS = YES;
				CLANG_WARN_STRICT_PROTOTYPES = YES;
				CLANG_WARN_SUSPICIOUS_MOVE = YES;
				CLANG_WARN_UNGUARDED_AVAILABILITY = YES_AGGRESSIVE;
				CLANG_WARN_UNREACHABLE_CODE = YES;
				CLANG_WARN__DUPLICATE_METHOD_MATCH = YES;
				COPY_PHASE_STRIP = NO;
				DEBUG_INFORMATION_FORMAT = dwarf;
				ENABLE_STRICT_OBJC_MSGSEND = YES;
				ENABLE_TESTABILITY = YES;
				GCC_C_LANGUAGE_STANDARD = gnu11;
				GCC_DYNAMIC_NO_PIC = NO;
				GCC_NO_COMMON_BLOCKS = YES;
				GCC_OPTIMIZATION_LEVEL = 0;
				GCC_PREPROCESSOR_DEFINITIONS = (
					"DEBUG=1",
					"$(inherited)",
				);
				GCC_WARN_64_TO_32_BIT_CONVERSION = YES;
				GCC_WARN_ABOUT_RETURN_TYPE = YES_ERROR;
				GCC_WARN_UNDECLARED_SELECTOR = YES;
				GCC_WARN_UNINITIALIZED_AUTOS = YES_AGGRESSIVE;
				GCC_WARN_UNUSED_FUNCTION = YES;
				GCC_WARN_UNUSED_VARIABLE = YES;
				IPHONEOS_DEPLOYMENT_TARGET = 16.4;
				MTL_ENABLE_DEBUG_INFO = INCLUDE_SOURCE;
				MTL_FAST_MATH = YES;
				ONLY_ACTIVE_ARCH = YES;
				SDKROOT = iphoneos;
				SWIFT_ACTIVE_COMPILATION_CONDITIONS = DEBUG;
				SWIFT_OPTIMIZATION_LEVEL = "-Onone";
			};
			name = Debug;
		};
		308BD5112A4C06380038C21D /* Release */ = {
			isa = XCBuildConfiguration;
			buildSettings = {
				ALWAYS_SEARCH_USER_PATHS = NO;
				CLANG_ANALYZER_NONNULL = YES;
				CLANG_ANALYZER_NUMBER_OBJECT_CONVERSION = YES_AGGRESSIVE;
				CLANG_CXX_LANGUAGE_STANDARD = "gnu++20";
				CLANG_ENABLE_MODULES = YES;
				CLANG_ENABLE_OBJC_ARC = YES;
				CLANG_ENABLE_OBJC_WEAK = YES;
				CLANG_WARN_BLOCK_CAPTURE_AUTORELEASING = YES;
				CLANG_WARN_BOOL_CONVERSION = YES;
				CLANG_WARN_COMMA = YES;
				CLANG_WARN_CONSTANT_CONVERSION = YES;
				CLANG_WARN_DEPRECATED_OBJC_IMPLEMENTATIONS = YES;
				CLANG_WARN_DIRECT_OBJC_ISA_USAGE = YES_ERROR;
				CLANG_WARN_DOCUMENTATION_COMMENTS = YES;
				CLANG_WARN_EMPTY_BODY = YES;
				CLANG_WARN_ENUM_CONVERSION = YES;
				CLANG_WARN_INFINITE_RECURSION = YES;
				CLANG_WARN_INT_CONVERSION = YES;
				CLANG_WARN_NON_LITERAL_NULL_CONVERSION = YES;
				CLANG_WARN_OBJC_IMPLICIT_RETAIN_SELF = YES;
				CLANG_WARN_OBJC_LITERAL_CONVERSION = YES;
				CLANG_WARN_OBJC_ROOT_CLASS = YES_ERROR;
				CLANG_WARN_QUOTED_INCLUDE_IN_FRAMEWORK_HEADER = YES;
				CLANG_WARN_RANGE_LOOP_ANALYSIS = YES;
				CLANG_WARN_STRICT_PROTOTYPES = YES;
				CLANG_WARN_SUSPICIOUS_MOVE = YES;
				CLANG_WARN_UNGUARDED_AVAILABILITY = YES_AGGRESSIVE;
				CLANG_WARN_UNREACHABLE_CODE = YES;
				CLANG_WARN__DUPLICATE_METHOD_MATCH = YES;
				COPY_PHASE_STRIP = NO;
				DEBUG_INFORMATION_FORMAT = "dwarf-with-dsym";
				ENABLE_NS_ASSERTIONS = NO;
				ENABLE_STRICT_OBJC_MSGSEND = YES;
				GCC_C_LANGUAGE_STANDARD = gnu11;
				GCC_NO_COMMON_BLOCKS = YES;
				GCC_WARN_64_TO_32_BIT_CONVERSION = YES;
				GCC_WARN_ABOUT_RETURN_TYPE = YES_ERROR;
				GCC_WARN_UNDECLARED_SELECTOR = YES;
				GCC_WARN_UNINITIALIZED_AUTOS = YES_AGGRESSIVE;
				GCC_WARN_UNUSED_FUNCTION = YES;
				GCC_WARN_UNUSED_VARIABLE = YES;
				IPHONEOS_DEPLOYMENT_TARGET = 16.4;
				MTL_ENABLE_DEBUG_INFO = NO;
				MTL_FAST_MATH = YES;
				SDKROOT = iphoneos;
				SWIFT_COMPILATION_MODE = wholemodule;
				SWIFT_OPTIMIZATION_LEVEL = "-O";
				VALIDATE_PRODUCT = YES;
			};
			name = Release;
		};
		308BD5132A4C06380038C21D /* Debug */ = {
			isa = XCBuildConfiguration;
			buildSettings = {
				ASSETCATALOG_COMPILER_APPICON_NAME = AppIcon;
				ASSETCATALOG_COMPILER_GLOBAL_ACCENT_COLOR_NAME = AccentColor;
				CODE_SIGN_STYLE = Automatic;
				CURRENT_PROJECT_VERSION = 1;
				DEVELOPMENT_ASSET_PATHS = "\"Shop/Preview Content\"";
				ENABLE_PREVIEWS = YES;
				GENERATE_INFOPLIST_FILE = YES;
				INFOPLIST_KEY_UIApplicationSceneManifest_Generation = YES;
				INFOPLIST_KEY_UIApplicationSupportsIndirectInputEvents = YES;
				INFOPLIST_KEY_UILaunchScreen_Generation = YES;
				INFOPLIST_KEY_UISupportedInterfaceOrientations_iPad = "UIInterfaceOrientationPortrait UIInterfaceOrientationPortraitUpsideDown UIInterfaceOrientationLandscapeLeft UIInterfaceOrientationLandscapeRight";
				INFOPLIST_KEY_UISupportedInterfaceOrientations_iPhone = "UIInterfaceOrientationPortrait UIInterfaceOrientationLandscapeLeft UIInterfaceOrientationLandscapeRight";
				LD_RUNPATH_SEARCH_PATHS = (
					"$(inherited)",
					"@executable_path/Frameworks",
				);
				MARKETING_VERSION = 1.0;
				PRODUCT_BUNDLE_IDENTIFIER = balink.Shop;
				PRODUCT_NAME = "$(TARGET_NAME)";
				SWIFT_EMIT_LOC_STRINGS = YES;
				SWIFT_VERSION = 5.0;
				TARGETED_DEVICE_FAMILY = "1,2";
			};
			name = Debug;
		};
		308BD5142A4C06380038C21D /* Release */ = {
			isa = XCBuildConfiguration;
			buildSettings = {
				ASSETCATALOG_COMPILER_APPICON_NAME = AppIcon;
				ASSETCATALOG_COMPILER_GLOBAL_ACCENT_COLOR_NAME = AccentColor;
				CODE_SIGN_STYLE = Automatic;
				CURRENT_PROJECT_VERSION = 1;
				DEVELOPMENT_ASSET_PATHS = "\"Shop/Preview Content\"";
				ENABLE_PREVIEWS = YES;
				GENERATE_INFOPLIST_FILE = YES;
				INFOPLIST_KEY_UIApplicationSceneManifest_Generation = YES;
				INFOPLIST_KEY_UIApplicationSupportsIndirectInputEvents = YES;
				INFOPLIST_KEY_UILaunchScreen_Generation = YES;
				INFOPLIST_KEY_UISupportedInterfaceOrientations_iPad = "UIInterfaceOrientationPortrait UIInterfaceOrientationPortraitUpsideDown UIInterfaceOrientationLandscapeLeft UIInterfaceOrientationLandscapeRight";
				INFOPLIST_KEY_UISupportedInterfaceOrientations_iPhone = "UIInterfaceOrientationPortrait UIInterfaceOrientationLandscapeLeft UIInterfaceOrientationLandscapeRight";
				LD_RUNPATH_SEARCH_PATHS = (
					"$(inherited)",
					"@executable_path/Frameworks",
				);
				MARKETING_VERSION = 1.0;
				PRODUCT_BUNDLE_IDENTIFIER = balink.Shop;
				PRODUCT_NAME = "$(TARGET_NAME)";
				SWIFT_EMIT_LOC_STRINGS = YES;
				SWIFT_VERSION = 5.0;
				TARGETED_DEVICE_FAMILY = "1,2";
			};
			name = Release;
		};
/* End XCBuildConfiguration section */

/* Begin XCConfigurationList section */
		308BD4FA2A4C06330038C21D /* Build configuration list for PBXProject "Shop" */ = {
			isa = XCConfigurationList;
			buildConfigurations = (
				308BD5102A4C06380038C21D /* Debug */,
				308BD5112A4C06380038C21D /* Release */,
			);
			defaultConfigurationIsVisible = 0;
			defaultConfigurationName = Release;
		};
		308BD5122A4C06380038C21D /* Build configuration list for PBXNativeTarget "Shop" */ = {
			isa = XCConfigurationList;
			buildConfigurations = (
				308BD5132A4C06380038C21D /* Debug */,
				308BD5142A4C06380038C21D /* Release */,
			);
			defaultConfigurationIsVisible = 0;
			defaultConfigurationName = Release;
		};
/* End XCConfigurationList section */

/* Begin XCVersionGroup section */
		308BD50D2A4C06380038C21D /* Shop.xcdatamodeld */ = {
			isa = XCVersionGroup;
			children = (
				308BD50E2A4C06380038C21D /* Shop.xcdatamodel */,
			);
			currentVersion = 308BD50E2A4C06380038C21D /* Shop.xcdatamodel */;
			path = Shop.xcdatamodeld;
			sourceTree = "<group>";
			versionGroupType = wrapper.xcdatamodel;
		};
/* End XCVersionGroup section */
	};
	rootObject = 308BD4F72A4C06330038C21D /* Project object */;
}
