// !$*UTF8*$!
{
	archiveVersion = 1;
	classes = {
	};
	objectVersion = 56;
	objects = {

/* Begin PBXBuildFile section */
		301453992A3B96E5005DE8FB /* products.swift in Sources */ = {isa = PBXBuildFile; fileRef = 301453982A3B96E5005DE8FB /* products.swift */; };
		302A9DB92A3B420D0010BC29 /* SecondViewController.swift in Sources */ = {isa = PBXBuildFile; fileRef = 302A9DB82A3B420D0010BC29 /* SecondViewController.swift */; };
		30986FB32A3B3D5900E7D38E /* AppDelegate.swift in Sources */ = {isa = PBXBuildFile; fileRef = 30986FB22A3B3D5900E7D38E /* AppDelegate.swift */; };
		30986FB52A3B3D5900E7D38E /* SceneDelegate.swift in Sources */ = {isa = PBXBuildFile; fileRef = 30986FB42A3B3D5900E7D38E /* SceneDelegate.swift */; };
		30986FB72A3B3D5900E7D38E /* ViewController.swift in Sources */ = {isa = PBXBuildFile; fileRef = 30986FB62A3B3D5900E7D38E /* ViewController.swift */; };
		30986FBA2A3B3D5900E7D38E /* Main.storyboard in Resources */ = {isa = PBXBuildFile; fileRef = 30986FB82A3B3D5900E7D38E /* Main.storyboard */; };
		30986FBC2A3B3D5B00E7D38E /* Assets.xcassets in Resources */ = {isa = PBXBuildFile; fileRef = 30986FBB2A3B3D5B00E7D38E /* Assets.xcassets */; };
		30986FBF2A3B3D5B00E7D38E /* LaunchScreen.storyboard in Resources */ = {isa = PBXBuildFile; fileRef = 30986FBD2A3B3D5B00E7D38E /* LaunchScreen.storyboard */; };
		30986FCA2A3B3D5B00E7D38E /* ChallengeTests.swift in Sources */ = {isa = PBXBuildFile; fileRef = 30986FC92A3B3D5B00E7D38E /* ChallengeTests.swift */; };
		30986FD42A3B3D5B00E7D38E /* ChallengeUITests.swift in Sources */ = {isa = PBXBuildFile; fileRef = 30986FD32A3B3D5B00E7D38E /* ChallengeUITests.swift */; };
		30986FD62A3B3D5B00E7D38E /* ChallengeUITestsLaunchTests.swift in Sources */ = {isa = PBXBuildFile; fileRef = 30986FD52A3B3D5B00E7D38E /* ChallengeUITestsLaunchTests.swift */; };
/* End PBXBuildFile section */

/* Begin PBXContainerItemProxy section */
		30986FC62A3B3D5B00E7D38E /* PBXContainerItemProxy */ = {
			isa = PBXContainerItemProxy;
			containerPortal = 30986FA72A3B3D5900E7D38E /* Project object */;
			proxyType = 1;
			remoteGlobalIDString = 30986FAE2A3B3D5900E7D38E;
			remoteInfo = Challenge;
		};
		30986FD02A3B3D5B00E7D38E /* PBXContainerItemProxy */ = {
			isa = PBXContainerItemProxy;
			containerPortal = 30986FA72A3B3D5900E7D38E /* Project object */;
			proxyType = 1;
			remoteGlobalIDString = 30986FAE2A3B3D5900E7D38E;
			remoteInfo = Challenge;
		};
/* End PBXContainerItemProxy section */

/* Begin PBXFileReference section */
		301453982A3B96E5005DE8FB /* products.swift */ = {isa = PBXFileReference; lastKnownFileType = sourcecode.swift; path = products.swift; sourceTree = "<group>"; };
		302A9DB82A3B420D0010BC29 /* SecondViewController.swift */ = {isa = PBXFileReference; lastKnownFileType = sourcecode.swift; path = SecondViewController.swift; sourceTree = "<group>"; };
		30986FAF2A3B3D5900E7D38E /* Challenge.app */ = {isa = PBXFileReference; explicitFileType = wrapper.application; includeInIndex = 0; path = Challenge.app; sourceTree = BUILT_PRODUCTS_DIR; };
		30986FB22A3B3D5900E7D38E /* AppDelegate.swift */ = {isa = PBXFileReference; lastKnownFileType = sourcecode.swift; path = AppDelegate.swift; sourceTree = "<group>"; };
		30986FB42A3B3D5900E7D38E /* SceneDelegate.swift */ = {isa = PBXFileReference; lastKnownFileType = sourcecode.swift; path = SceneDelegate.swift; sourceTree = "<group>"; };
		30986FB62A3B3D5900E7D38E /* ViewController.swift */ = {isa = PBXFileReference; lastKnownFileType = sourcecode.swift; path = ViewController.swift; sourceTree = "<group>"; };
		30986FB92A3B3D5900E7D38E /* Base */ = {isa = PBXFileReference; lastKnownFileType = file.storyboard; name = Base; path = Base.lproj/Main.storyboard; sourceTree = "<group>"; };
		30986FBB2A3B3D5B00E7D38E /* Assets.xcassets */ = {isa = PBXFileReference; lastKnownFileType = folder.assetcatalog; path = Assets.xcassets; sourceTree = "<group>"; };
		30986FBE2A3B3D5B00E7D38E /* Base */ = {isa = PBXFileReference; lastKnownFileType = file.storyboard; name = Base; path = Base.lproj/LaunchScreen.storyboard; sourceTree = "<group>"; };
		30986FC02A3B3D5B00E7D38E /* Info.plist */ = {isa = PBXFileReference; lastKnownFileType = text.plist.xml; path = Info.plist; sourceTree = "<group>"; };
		30986FC52A3B3D5B00E7D38E /* ChallengeTests.xctest */ = {isa = PBXFileReference; explicitFileType = wrapper.cfbundle; includeInIndex = 0; path = ChallengeTests.xctest; sourceTree = BUILT_PRODUCTS_DIR; };
		30986FC92A3B3D5B00E7D38E /* ChallengeTests.swift */ = {isa = PBXFileReference; lastKnownFileType = sourcecode.swift; path = ChallengeTests.swift; sourceTree = "<group>"; };
		30986FCF2A3B3D5B00E7D38E /* ChallengeUITests.xctest */ = {isa = PBXFileReference; explicitFileType = wrapper.cfbundle; includeInIndex = 0; path = ChallengeUITests.xctest; sourceTree = BUILT_PRODUCTS_DIR; };
		30986FD32A3B3D5B00E7D38E /* ChallengeUITests.swift */ = {isa = PBXFileReference; lastKnownFileType = sourcecode.swift; path = ChallengeUITests.swift; sourceTree = "<group>"; };
		30986FD52A3B3D5B00E7D38E /* ChallengeUITestsLaunchTests.swift */ = {isa = PBXFileReference; lastKnownFileType = sourcecode.swift; path = ChallengeUITestsLaunchTests.swift; sourceTree = "<group>"; };
/* End PBXFileReference section */

/* Begin PBXFrameworksBuildPhase section */
		30986FAC2A3B3D5900E7D38E /* Frameworks */ = {
			isa = PBXFrameworksBuildPhase;
			buildActionMask = 2147483647;
			files = (
			);
			runOnlyForDeploymentPostprocessing = 0;
		};
		30986FC22A3B3D5B00E7D38E /* Frameworks */ = {
			isa = PBXFrameworksBuildPhase;
			buildActionMask = 2147483647;
			files = (
			);
			runOnlyForDeploymentPostprocessing = 0;
		};
		30986FCC2A3B3D5B00E7D38E /* Frameworks */ = {
			isa = PBXFrameworksBuildPhase;
			buildActionMask = 2147483647;
			files = (
			);
			runOnlyForDeploymentPostprocessing = 0;
		};
/* End PBXFrameworksBuildPhase section */

/* Begin PBXGroup section */
		30986FA62A3B3D5900E7D38E = {
			isa = PBXGroup;
			children = (
				30986FB12A3B3D5900E7D38E /* Challenge */,
				30986FC82A3B3D5B00E7D38E /* ChallengeTests */,
				30986FD22A3B3D5B00E7D38E /* ChallengeUITests */,
				30986FB02A3B3D5900E7D38E /* Products */,
			);
			sourceTree = "<group>";
		};
		30986FB02A3B3D5900E7D38E /* Products */ = {
			isa = PBXGroup;
			children = (
				30986FAF2A3B3D5900E7D38E /* Challenge.app */,
				30986FC52A3B3D5B00E7D38E /* ChallengeTests.xctest */,
				30986FCF2A3B3D5B00E7D38E /* ChallengeUITests.xctest */,
			);
			name = Products;
			sourceTree = "<group>";
		};
		30986FB12A3B3D5900E7D38E /* Challenge */ = {
			isa = PBXGroup;
			children = (
				30986FB22A3B3D5900E7D38E /* AppDelegate.swift */,
				30986FB42A3B3D5900E7D38E /* SceneDelegate.swift */,
				30986FB62A3B3D5900E7D38E /* ViewController.swift */,
				30986FB82A3B3D5900E7D38E /* Main.storyboard */,
				302A9DB82A3B420D0010BC29 /* SecondViewController.swift */,
				30986FBB2A3B3D5B00E7D38E /* Assets.xcassets */,
				30986FBD2A3B3D5B00E7D38E /* LaunchScreen.storyboard */,
				30986FC02A3B3D5B00E7D38E /* Info.plist */,
				301453982A3B96E5005DE8FB /* products.swift */,
			);
			path = Challenge;
			sourceTree = "<group>";
		};
		30986FC82A3B3D5B00E7D38E /* ChallengeTests */ = {
			isa = PBXGroup;
			children = (
				30986FC92A3B3D5B00E7D38E /* ChallengeTests.swift */,
			);
			path = ChallengeTests;
			sourceTree = "<group>";
		};
		30986FD22A3B3D5B00E7D38E /* ChallengeUITests */ = {
			isa = PBXGroup;
			children = (
				30986FD32A3B3D5B00E7D38E /* ChallengeUITests.swift */,
				30986FD52A3B3D5B00E7D38E /* ChallengeUITestsLaunchTests.swift */,
			);
			path = ChallengeUITests;
			sourceTree = "<group>";
		};
/* End PBXGroup section */

/* Begin PBXNativeTarget section */
		30986FAE2A3B3D5900E7D38E /* Challenge */ = {
			isa = PBXNativeTarget;
			buildConfigurationList = 30986FD92A3B3D5B00E7D38E /* Build configuration list for PBXNativeTarget "Challenge" */;
			buildPhases = (
				30986FAB2A3B3D5900E7D38E /* Sources */,
				30986FAC2A3B3D5900E7D38E /* Frameworks */,
				30986FAD2A3B3D5900E7D38E /* Resources */,
			);
			buildRules = (
			);
			dependencies = (
			);
			name = Challenge;
			productName = Challenge;
			productReference = 30986FAF2A3B3D5900E7D38E /* Challenge.app */;
			productType = "com.apple.product-type.application";
		};
		30986FC42A3B3D5B00E7D38E /* ChallengeTests */ = {
			isa = PBXNativeTarget;
			buildConfigurationList = 30986FDC2A3B3D5B00E7D38E /* Build configuration list for PBXNativeTarget "ChallengeTests" */;
			buildPhases = (
				30986FC12A3B3D5B00E7D38E /* Sources */,
				30986FC22A3B3D5B00E7D38E /* Frameworks */,
				30986FC32A3B3D5B00E7D38E /* Resources */,
			);
			buildRules = (
			);
			dependencies = (
				30986FC72A3B3D5B00E7D38E /* PBXTargetDependency */,
			);
			name = ChallengeTests;
			productName = ChallengeTests;
			productReference = 30986FC52A3B3D5B00E7D38E /* ChallengeTests.xctest */;
			productType = "com.apple.product-type.bundle.unit-test";
		};
		30986FCE2A3B3D5B00E7D38E /* ChallengeUITests */ = {
			isa = PBXNativeTarget;
			buildConfigurationList = 30986FDF2A3B3D5B00E7D38E /* Build configuration list for PBXNativeTarget "ChallengeUITests" */;
			buildPhases = (
				30986FCB2A3B3D5B00E7D38E /* Sources */,
				30986FCC2A3B3D5B00E7D38E /* Frameworks */,
				30986FCD2A3B3D5B00E7D38E /* Resources */,
			);
			buildRules = (
			);
			dependencies = (
				30986FD12A3B3D5B00E7D38E /* PBXTargetDependency */,
			);
			name = ChallengeUITests;
			productName = ChallengeUITests;
			productReference = 30986FCF2A3B3D5B00E7D38E /* ChallengeUITests.xctest */;
			productType = "com.apple.product-type.bundle.ui-testing";
		};
/* End PBXNativeTarget section */

/* Begin PBXProject section */
		30986FA72A3B3D5900E7D38E /* Project object */ = {
			isa = PBXProject;
			attributes = {
				BuildIndependentTargetsInParallel = 1;
				LastSwiftUpdateCheck = 1430;
				LastUpgradeCheck = 1430;
				TargetAttributes = {
					30986FAE2A3B3D5900E7D38E = {
						CreatedOnToolsVersion = 14.3.1;
					};
					30986FC42A3B3D5B00E7D38E = {
						CreatedOnToolsVersion = 14.3.1;
						TestTargetID = 30986FAE2A3B3D5900E7D38E;
					};
					30986FCE2A3B3D5B00E7D38E = {
						CreatedOnToolsVersion = 14.3.1;
						TestTargetID = 30986FAE2A3B3D5900E7D38E;
					};
				};
			};
			buildConfigurationList = 30986FAA2A3B3D5900E7D38E /* Build configuration list for PBXProject "Challenge" */;
			compatibilityVersion = "Xcode 14.0";
			developmentRegion = en;
			hasScannedForEncodings = 0;
			knownRegions = (
				en,
				Base,
			);
			mainGroup = 30986FA62A3B3D5900E7D38E;
			productRefGroup = 30986FB02A3B3D5900E7D38E /* Products */;
			projectDirPath = "";
			projectRoot = "";
			targets = (
				30986FAE2A3B3D5900E7D38E /* Challenge */,
				30986FC42A3B3D5B00E7D38E /* ChallengeTests */,
				30986FCE2A3B3D5B00E7D38E /* ChallengeUITests */,
			);
		};
/* End PBXProject section */

/* Begin PBXResourcesBuildPhase section */
		30986FAD2A3B3D5900E7D38E /* Resources */ = {
			isa = PBXResourcesBuildPhase;
			buildActionMask = 2147483647;
			files = (
				30986FBF2A3B3D5B00E7D38E /* LaunchScreen.storyboard in Resources */,
				30986FBC2A3B3D5B00E7D38E /* Assets.xcassets in Resources */,
				30986FBA2A3B3D5900E7D38E /* Main.storyboard in Resources */,
			);
			runOnlyForDeploymentPostprocessing = 0;
		};
		30986FC32A3B3D5B00E7D38E /* Resources */ = {
			isa = PBXResourcesBuildPhase;
			buildActionMask = 2147483647;
			files = (
			);
			runOnlyForDeploymentPostprocessing = 0;
		};
		30986FCD2A3B3D5B00E7D38E /* Resources */ = {
			isa = PBXResourcesBuildPhase;
			buildActionMask = 2147483647;
			files = (
			);
			runOnlyForDeploymentPostprocessing = 0;
		};
/* End PBXResourcesBuildPhase section */

/* Begin PBXSourcesBuildPhase section */
		30986FAB2A3B3D5900E7D38E /* Sources */ = {
			isa = PBXSourcesBuildPhase;
			buildActionMask = 2147483647;
			files = (
				302A9DB92A3B420D0010BC29 /* SecondViewController.swift in Sources */,
				301453992A3B96E5005DE8FB /* products.swift in Sources */,
				30986FB72A3B3D5900E7D38E /* ViewController.swift in Sources */,
				30986FB32A3B3D5900E7D38E /* AppDelegate.swift in Sources */,
				30986FB52A3B3D5900E7D38E /* SceneDelegate.swift in Sources */,
			);
			runOnlyForDeploymentPostprocessing = 0;
		};
		30986FC12A3B3D5B00E7D38E /* Sources */ = {
			isa = PBXSourcesBuildPhase;
			buildActionMask = 2147483647;
			files = (
				30986FCA2A3B3D5B00E7D38E /* ChallengeTests.swift in Sources */,
			);
			runOnlyForDeploymentPostprocessing = 0;
		};
		30986FCB2A3B3D5B00E7D38E /* Sources */ = {
			isa = PBXSourcesBuildPhase;
			buildActionMask = 2147483647;
			files = (
				30986FD62A3B3D5B00E7D38E /* ChallengeUITestsLaunchTests.swift in Sources */,
				30986FD42A3B3D5B00E7D38E /* ChallengeUITests.swift in Sources */,
			);
			runOnlyForDeploymentPostprocessing = 0;
		};
/* End PBXSourcesBuildPhase section */

/* Begin PBXTargetDependency section */
		30986FC72A3B3D5B00E7D38E /* PBXTargetDependency */ = {
			isa = PBXTargetDependency;
			target = 30986FAE2A3B3D5900E7D38E /* Challenge */;
			targetProxy = 30986FC62A3B3D5B00E7D38E /* PBXContainerItemProxy */;
		};
		30986FD12A3B3D5B00E7D38E /* PBXTargetDependency */ = {
			isa = PBXTargetDependency;
			target = 30986FAE2A3B3D5900E7D38E /* Challenge */;
			targetProxy = 30986FD02A3B3D5B00E7D38E /* PBXContainerItemProxy */;
		};
/* End PBXTargetDependency section */

/* Begin PBXVariantGroup section */
		30986FB82A3B3D5900E7D38E /* Main.storyboard */ = {
			isa = PBXVariantGroup;
			children = (
				30986FB92A3B3D5900E7D38E /* Base */,
			);
			name = Main.storyboard;
			sourceTree = "<group>";
		};
		30986FBD2A3B3D5B00E7D38E /* LaunchScreen.storyboard */ = {
			isa = PBXVariantGroup;
			children = (
				30986FBE2A3B3D5B00E7D38E /* Base */,
			);
			name = LaunchScreen.storyboard;
			sourceTree = "<group>";
		};
/* End PBXVariantGroup section */

/* Begin XCBuildConfiguration section */
		30986FD72A3B3D5B00E7D38E /* Debug */ = {
			isa = XCBuildConfiguration;
			buildSettings = {
				ALWAYS_SEARCH_USER_PATHS = NO;
				CLANG_ANALYZER_NONNULL = YES;
				CLANG_ANALYZER_NUMBER_OBJECT_CONVERSION = YES_AGGRESSIVE;
				CLANG_CXX_LANGUAGE_STANDARD = "gnu++20";
				CLANG_ENABLE_MODULES = YES;
				CLANG_ENABLE_OBJC_ARC = YES;
				CLANG_ENABLE_OBJC_WEAK = YES;
				CLANG_WARN_BLOCK_CAPTURE_AUTORELEASING = YES;
				CLANG_WARN_BOOL_CONVERSION = YES;
				CLANG_WARN_COMMA = YES;
				CLANG_WARN_CONSTANT_CONVERSION = YES;
				CLANG_WARN_DEPRECATED_OBJC_IMPLEMENTATIONS = YES;
				CLANG_WARN_DIRECT_OBJC_ISA_USAGE = YES_ERROR;
				CLANG_WARN_DOCUMENTATION_COMMENTS = YES;
				CLANG_WARN_EMPTY_BODY = YES;
				CLANG_WARN_ENUM_CONVERSION = YES;
				CLANG_WARN_INFINITE_RECURSION = YES;
				CLANG_WARN_INT_CONVERSION = YES;
				CLANG_WARN_NON_LITERAL_NULL_CONVERSION = YES;
				CLANG_WARN_OBJC_IMPLICIT_RETAIN_SELF = YES;
				CLANG_WARN_OBJC_LITERAL_CONVERSION = YES;
				CLANG_WARN_OBJC_ROOT_CLASS = YES_ERROR;
				CLANG_WARN_QUOTED_INCLUDE_IN_FRAMEWORK_HEADER = YES;
				CLANG_WARN_RANGE_LOOP_ANALYSIS = YES;
				CLANG_WARN_STRICT_PROTOTYPES = YES;
				CLANG_WARN_SUSPICIOUS_MOVE = YES;
				CLANG_WARN_UNGUARDED_AVAILABILITY = YES_AGGRESSIVE;
				CLANG_WARN_UNREACHABLE_CODE = YES;
				CLANG_WARN__DUPLICATE_METHOD_MATCH = YES;
				COPY_PHASE_STRIP = NO;
				DEBUG_INFORMATION_FORMAT = dwarf;
				ENABLE_STRICT_OBJC_MSGSEND = YES;
				ENABLE_TESTABILITY = YES;
				GCC_C_LANGUAGE_STANDARD = gnu11;
				GCC_DYNAMIC_NO_PIC = NO;
				GCC_NO_COMMON_BLOCKS = YES;
				GCC_OPTIMIZATION_LEVEL = 0;
				GCC_PREPROCESSOR_DEFINITIONS = (
					"DEBUG=1",
					"$(inherited)",
				);
				GCC_WARN_64_TO_32_BIT_CONVERSION = YES;
				GCC_WARN_ABOUT_RETURN_TYPE = YES_ERROR;
				GCC_WARN_UNDECLARED_SELECTOR = YES;
				GCC_WARN_UNINITIALIZED_AUTOS = YES_AGGRESSIVE;
				GCC_WARN_UNUSED_FUNCTION = YES;
				GCC_WARN_UNUSED_VARIABLE = YES;
				IPHONEOS_DEPLOYMENT_TARGET = 16.4;
				MTL_ENABLE_DEBUG_INFO = INCLUDE_SOURCE;
				MTL_FAST_MATH = YES;
				ONLY_ACTIVE_ARCH = YES;
				SDKROOT = iphoneos;
				SWIFT_ACTIVE_COMPILATION_CONDITIONS = DEBUG;
				SWIFT_OPTIMIZATION_LEVEL = "-Onone";
			};
			name = Debug;
		};
		30986FD82A3B3D5B00E7D38E /* Release */ = {
			isa = XCBuildConfiguration;
			buildSettings = {
				ALWAYS_SEARCH_USER_PATHS = NO;
				CLANG_ANALYZER_NONNULL = YES;
				CLANG_ANALYZER_NUMBER_OBJECT_CONVERSION = YES_AGGRESSIVE;
				CLANG_CXX_LANGUAGE_STANDARD = "gnu++20";
				CLANG_ENABLE_MODULES = YES;
				CLANG_ENABLE_OBJC_ARC = YES;
				CLANG_ENABLE_OBJC_WEAK = YES;
				CLANG_WARN_BLOCK_CAPTURE_AUTORELEASING = YES;
				CLANG_WARN_BOOL_CONVERSION = YES;
				CLANG_WARN_COMMA = YES;
				CLANG_WARN_CONSTANT_CONVERSION = YES;
				CLANG_WARN_DEPRECATED_OBJC_IMPLEMENTATIONS = YES;
				CLANG_WARN_DIRECT_OBJC_ISA_USAGE = YES_ERROR;
				CLANG_WARN_DOCUMENTATION_COMMENTS = YES;
				CLANG_WARN_EMPTY_BODY = YES;
				CLANG_WARN_ENUM_CONVERSION = YES;
				CLANG_WARN_INFINITE_RECURSION = YES;
				CLANG_WARN_INT_CONVERSION = YES;
				CLANG_WARN_NON_LITERAL_NULL_CONVERSION = YES;
				CLANG_WARN_OBJC_IMPLICIT_RETAIN_SELF = YES;
				CLANG_WARN_OBJC_LITERAL_CONVERSION = YES;
				CLANG_WARN_OBJC_ROOT_CLASS = YES_ERROR;
				CLANG_WARN_QUOTED_INCLUDE_IN_FRAMEWORK_HEADER = YES;
				CLANG_WARN_RANGE_LOOP_ANALYSIS = YES;
				CLANG_WARN_STRICT_PROTOTYPES = YES;
				CLANG_WARN_SUSPICIOUS_MOVE = YES;
				CLANG_WARN_UNGUARDED_AVAILABILITY = YES_AGGRESSIVE;
				CLANG_WARN_UNREACHABLE_CODE = YES;
				CLANG_WARN__DUPLICATE_METHOD_MATCH = YES;
				COPY_PHASE_STRIP = NO;
				DEBUG_INFORMATION_FORMAT = "dwarf-with-dsym";
				ENABLE_NS_ASSERTIONS = NO;
				ENABLE_STRICT_OBJC_MSGSEND = YES;
				GCC_C_LANGUAGE_STANDARD = gnu11;
				GCC_NO_COMMON_BLOCKS = YES;
				GCC_WARN_64_TO_32_BIT_CONVERSION = YES;
				GCC_WARN_ABOUT_RETURN_TYPE = YES_ERROR;
				GCC_WARN_UNDECLARED_SELECTOR = YES;
				GCC_WARN_UNINITIALIZED_AUTOS = YES_AGGRESSIVE;
				GCC_WARN_UNUSED_FUNCTION = YES;
				GCC_WARN_UNUSED_VARIABLE = YES;
				IPHONEOS_DEPLOYMENT_TARGET = 16.4;
				MTL_ENABLE_DEBUG_INFO = NO;
				MTL_FAST_MATH = YES;
				SDKROOT = iphoneos;
				SWIFT_COMPILATION_MODE = wholemodule;
				SWIFT_OPTIMIZATION_LEVEL = "-O";
				VALIDATE_PRODUCT = YES;
			};
			name = Release;
		};
		30986FDA2A3B3D5B00E7D38E /* Debug */ = {
			isa = XCBuildConfiguration;
			buildSettings = {
				ASSETCATALOG_COMPILER_APPICON_NAME = AppIcon;
				ASSETCATALOG_COMPILER_GLOBAL_ACCENT_COLOR_NAME = AccentColor;
				CODE_SIGN_STYLE = Automatic;
				CURRENT_PROJECT_VERSION = 1;
				GENERATE_INFOPLIST_FILE = YES;
				INFOPLIST_FILE = Challenge/Info.plist;
				INFOPLIST_KEY_UIApplicationSupportsIndirectInputEvents = YES;
				INFOPLIST_KEY_UILaunchStoryboardName = LaunchScreen;
				INFOPLIST_KEY_UIMainStoryboardFile = Main;
				INFOPLIST_KEY_UISupportedInterfaceOrientations_iPad = "UIInterfaceOrientationPortrait UIInterfaceOrientationPortraitUpsideDown UIInterfaceOrientationLandscapeLeft UIInterfaceOrientationLandscapeRight";
				INFOPLIST_KEY_UISupportedInterfaceOrientations_iPhone = "UIInterfaceOrientationPortrait UIInterfaceOrientationLandscapeLeft UIInterfaceOrientationLandscapeRight";
				LD_RUNPATH_SEARCH_PATHS = (
					"$(inherited)",
					"@executable_path/Frameworks",
				);
				MARKETING_VERSION = 1.0;
				PRODUCT_BUNDLE_IDENTIFIER = balink.Challenge;
				PRODUCT_NAME = "$(TARGET_NAME)";
				SWIFT_EMIT_LOC_STRINGS = YES;
				SWIFT_VERSION = 5.0;
				TARGETED_DEVICE_FAMILY = "1,2";
			};
			name = Debug;
		};
		30986FDB2A3B3D5B00E7D38E /* Release */ = {
			isa = XCBuildConfiguration;
			buildSettings = {
				ASSETCATALOG_COMPILER_APPICON_NAME = AppIcon;
				ASSETCATALOG_COMPILER_GLOBAL_ACCENT_COLOR_NAME = AccentColor;
				CODE_SIGN_STYLE = Automatic;
				CURRENT_PROJECT_VERSION = 1;
				GENERATE_INFOPLIST_FILE = YES;
				INFOPLIST_FILE = Challenge/Info.plist;
				INFOPLIST_KEY_UIApplicationSupportsIndirectInputEvents = YES;
				INFOPLIST_KEY_UILaunchStoryboardName = LaunchScreen;
				INFOPLIST_KEY_UIMainStoryboardFile = Main;
				INFOPLIST_KEY_UISupportedInterfaceOrientations_iPad = "UIInterfaceOrientationPortrait UIInterfaceOrientationPortraitUpsideDown UIInterfaceOrientationLandscapeLeft UIInterfaceOrientationLandscapeRight";
				INFOPLIST_KEY_UISupportedInterfaceOrientations_iPhone = "UIInterfaceOrientationPortrait UIInterfaceOrientationLandscapeLeft UIInterfaceOrientationLandscapeRight";
				LD_RUNPATH_SEARCH_PATHS = (
					"$(inherited)",
					"@executable_path/Frameworks",
				);
				MARKETING_VERSION = 1.0;
				PRODUCT_BUNDLE_IDENTIFIER = balink.Challenge;
				PRODUCT_NAME = "$(TARGET_NAME)";
				SWIFT_EMIT_LOC_STRINGS = YES;
				SWIFT_VERSION = 5.0;
				TARGETED_DEVICE_FAMILY = "1,2";
			};
			name = Release;
		};
		30986FDD2A3B3D5B00E7D38E /* Debug */ = {
			isa = XCBuildConfiguration;
			buildSettings = {
				ALWAYS_EMBED_SWIFT_STANDARD_LIBRARIES = YES;
				BUNDLE_LOADER = "$(TEST_HOST)";
				CODE_SIGN_STYLE = Automatic;
				CURRENT_PROJECT_VERSION = 1;
				GENERATE_INFOPLIST_FILE = YES;
				IPHONEOS_DEPLOYMENT_TARGET = 16.4;
				MARKETING_VERSION = 1.0;
				PRODUCT_BUNDLE_IDENTIFIER = balink.ChallengeTests;
				PRODUCT_NAME = "$(TARGET_NAME)";
				SWIFT_EMIT_LOC_STRINGS = NO;
				SWIFT_VERSION = 5.0;
				TARGETED_DEVICE_FAMILY = "1,2";
				TEST_HOST = "$(BUILT_PRODUCTS_DIR)/Challenge.app/$(BUNDLE_EXECUTABLE_FOLDER_PATH)/Challenge";
			};
			name = Debug;
		};
		30986FDE2A3B3D5B00E7D38E /* Release */ = {
			isa = XCBuildConfiguration;
			buildSettings = {
				ALWAYS_EMBED_SWIFT_STANDARD_LIBRARIES = YES;
				BUNDLE_LOADER = "$(TEST_HOST)";
				CODE_SIGN_STYLE = Automatic;
				CURRENT_PROJECT_VERSION = 1;
				GENERATE_INFOPLIST_FILE = YES;
				IPHONEOS_DEPLOYMENT_TARGET = 16.4;
				MARKETING_VERSION = 1.0;
				PRODUCT_BUNDLE_IDENTIFIER = balink.ChallengeTests;
				PRODUCT_NAME = "$(TARGET_NAME)";
				SWIFT_EMIT_LOC_STRINGS = NO;
				SWIFT_VERSION = 5.0;
				TARGETED_DEVICE_FAMILY = "1,2";
				TEST_HOST = "$(BUILT_PRODUCTS_DIR)/Challenge.app/$(BUNDLE_EXECUTABLE_FOLDER_PATH)/Challenge";
			};
			name = Release;
		};
		30986FE02A3B3D5B00E7D38E /* Debug */ = {
			isa = XCBuildConfiguration;
			buildSettings = {
				ALWAYS_EMBED_SWIFT_STANDARD_LIBRARIES = YES;
				CODE_SIGN_STYLE = Automatic;
				CURRENT_PROJECT_VERSION = 1;
				GENERATE_INFOPLIST_FILE = YES;
				MARKETING_VERSION = 1.0;
				PRODUCT_BUNDLE_IDENTIFIER = balink.ChallengeUITests;
				PRODUCT_NAME = "$(TARGET_NAME)";
				SWIFT_EMIT_LOC_STRINGS = NO;
				SWIFT_VERSION = 5.0;
				TARGETED_DEVICE_FAMILY = "1,2";
				TEST_TARGET_NAME = Challenge;
			};
			name = Debug;
		};
		30986FE12A3B3D5B00E7D38E /* Release */ = {
			isa = XCBuildConfiguration;
			buildSettings = {
				ALWAYS_EMBED_SWIFT_STANDARD_LIBRARIES = YES;
				CODE_SIGN_STYLE = Automatic;
				CURRENT_PROJECT_VERSION = 1;
				GENERATE_INFOPLIST_FILE = YES;
				MARKETING_VERSION = 1.0;
				PRODUCT_BUNDLE_IDENTIFIER = balink.ChallengeUITests;
				PRODUCT_NAME = "$(TARGET_NAME)";
				SWIFT_EMIT_LOC_STRINGS = NO;
				SWIFT_VERSION = 5.0;
				TARGETED_DEVICE_FAMILY = "1,2";
				TEST_TARGET_NAME = Challenge;
			};
			name = Release;
		};
/* End XCBuildConfiguration section */

/* Begin XCConfigurationList section */
		30986FAA2A3B3D5900E7D38E /* Build configuration list for PBXProject "Challenge" */ = {
			isa = XCConfigurationList;
			buildConfigurations = (
				30986FD72A3B3D5B00E7D38E /* Debug */,
				30986FD82A3B3D5B00E7D38E /* Release */,
			);
			defaultConfigurationIsVisible = 0;
			defaultConfigurationName = Release;
		};
		30986FD92A3B3D5B00E7D38E /* Build configuration list for PBXNativeTarget "Challenge" */ = {
			isa = XCConfigurationList;
			buildConfigurations = (
				30986FDA2A3B3D5B00E7D38E /* Debug */,
				30986FDB2A3B3D5B00E7D38E /* Release */,
			);
			defaultConfigurationIsVisible = 0;
			defaultConfigurationName = Release;
		};
		30986FDC2A3B3D5B00E7D38E /* Build configuration list for PBXNativeTarget "ChallengeTests" */ = {
			isa = XCConfigurationList;
			buildConfigurations = (
				30986FDD2A3B3D5B00E7D38E /* Debug */,
				30986FDE2A3B3D5B00E7D38E /* Release */,
			);
			defaultConfigurationIsVisible = 0;
			defaultConfigurationName = Release;
		};
		30986FDF2A3B3D5B00E7D38E /* Build configuration list for PBXNativeTarget "ChallengeUITests" */ = {
			isa = XCConfigurationList;
			buildConfigurations = (
				30986FE02A3B3D5B00E7D38E /* Debug */,
				30986FE12A3B3D5B00E7D38E /* Release */,
			);
			defaultConfigurationIsVisible = 0;
			defaultConfigurationName = Release;
		};
/* End XCConfigurationList section */
	};
	rootObject = 30986FA72A3B3D5900E7D38E /* Project object */;
}
